
Microsoft Visual Studio Solution File, Format Version 12.00
# Visual Studio Version 17
VisualStudioVersion = 17.0.31903.59
MinimumVisualStudioVersion = 10.0.40219.1
Project("{FAE04EC0-301F-11D3-BF4B-00C04F79EFBC}") = "Deligates", "Deligates.csproj", "{35C01489-CE24-4564-9929-7F371D2FDB70}"
EndProject
Global
	GlobalSection(SolutionConfigurationPlatforms) = preSolution
		Debug|Any CPU = Debug|Any CPU
		Release|Any CPU = Release|Any CPU
	EndGlobalSection
	GlobalSection(ProjectConfigurationPlatforms) = postSolution
		{35C01489-CE24-4564-9929-7F371D2FDB70}.Debug|Any CPU.ActiveCfg = Debug|Any CPU
		{35C01489-CE24-4564-9929-7F371D2FDB70}.Debug|Any CPU.Build.0 = Debug|Any CPU
		{35C01489-CE24-4564-9929-7F371D2FDB70}.Release|Any CPU.ActiveCfg = Release|Any CPU
		{35C01489-CE24-4564-9929-7F371D2FDB70}.Release|Any CPU.Build.0 = Release|Any CPU
	EndGlobalSection
	GlobalSection(SolutionProperties) = preSolution
		HideSolutionNode = FALSE
	EndGlobalSection
	GlobalSection(ExtensibilityGlobals) = postSolution
		SolutionGuid = {B3175251-07E8-47D0-AA7C-4880CE9E61DB}
	EndGlobalSection
EndGlobal
